
Microsoft Visual Studio Solution File, Format Version 12.00
# Visual Studio Version 17
VisualStudioVersion = 17.11.35222.181
MinimumVisualStudioVersion = 10.0.40219.1
Project("{FAE04EC0-301F-11D3-BF4B-00C04F79EFBC}") = "ExtentReportProject", "ExtentReportProject\ExtentReportProject.csproj", "{1393B87D-853F-4092-8A23-A7943AC77EDA}"
EndProject
Global
	GlobalSection(SolutionConfigurationPlatforms) = preSolution
		Debug|Any CPU = Debug|Any CPU
		Release|Any CPU = Release|Any CPU
	EndGlobalSection
	GlobalSection(ProjectConfigurationPlatforms) = postSolution
		{1393B87D-853F-4092-8A23-A7943AC77EDA}.Debug|Any CPU.ActiveCfg = Debug|Any CPU
		{1393B87D-853F-4092-8A23-A7943AC77EDA}.Debug|Any CPU.Build.0 = Debug|Any CPU
		{1393B87D-853F-4092-8A23-A7943AC77EDA}.Release|Any CPU.ActiveCfg = Release|Any CPU
		{1393B87D-853F-4092-8A23-A7943AC77EDA}.Release|Any CPU.Build.0 = Release|Any CPU
	EndGlobalSection
	GlobalSection(SolutionProperties) = preSolution
		HideSolutionNode = FALSE
	EndGlobalSection
	GlobalSection(ExtensibilityGlobals) = postSolution
		SolutionGuid = {41F8FA07-8EB4-49F6-A937-C2B6C7871385}
	EndGlobalSection
EndGlobal
